
Microsoft Visual Studio Solution File, Format Version 12.00
# Visual Studio Version 16
VisualStudioVersion = 16.0.32002.261
MinimumVisualStudioVersion = 10.0.40219.1
Project("{9A19103F-16F7-4668-BE54-9A1E7A4F7556}") = "Mission09_jbuhler4", "Mission09_jbuhler4\Mission09_jbuhler4.csproj", "{1ECE32DE-847B-4604-9D9B-E3C75C8FB742}"
EndProject
Global
	GlobalSection(SolutionConfigurationPlatforms) = preSolution
		Debug|Any CPU = Debug|Any CPU
		Release|Any CPU = Release|Any CPU
	EndGlobalSection
	GlobalSection(ProjectConfigurationPlatforms) = postSolution
		{1ECE32DE-847B-4604-9D9B-E3C75C8FB742}.Debug|Any CPU.ActiveCfg = Debug|Any CPU
		{1ECE32DE-847B-4604-9D9B-E3C75C8FB742}.Debug|Any CPU.Build.0 = Debug|Any CPU
		{1ECE32DE-847B-4604-9D9B-E3C75C8FB742}.Release|Any CPU.ActiveCfg = Release|Any CPU
		{1ECE32DE-847B-4604-9D9B-E3C75C8FB742}.Release|Any CPU.Build.0 = Release|Any CPU
	EndGlobalSection
	GlobalSection(SolutionProperties) = preSolution
		HideSolutionNode = FALSE
	EndGlobalSection
	GlobalSection(ExtensibilityGlobals) = postSolution
		SolutionGuid = {255DBB8D-3EFE-4D41-BEB2-CC26F3A6328A}
	EndGlobalSection
EndGlobal
